
Microsoft Visual Studio Solution File, Format Version 12.00
# Visual Studio Version 17
VisualStudioVersion = 17.10.35027.167
MinimumVisualStudioVersion = 10.0.40219.1
Project("{FAE04EC0-301F-11D3-BF4B-00C04F79EFBC}") = "DC.Resource2", "DC.Resource2\DC.Resource2.csproj", "{7930D7BA-8FE4-45CC-B353-E5B358F5C8DF}"
EndProject
Project("{FAE04EC0-301F-11D3-BF4B-00C04F79EFBC}") = "DC.Resource2.UnitTest", "DC.Resource2.UnitTest\DC.Resource2.UnitTest.csproj", "{5BEAF2E3-CE38-420B-A20C-9FA4BC33A599}"
EndProject
Project("{FAE04EC0-301F-11D3-BF4B-00C04F79EFBC}") = "DC.Resource2.IntegrationTest", "DC.Resource2.IntegrationTest\DC.Resource2.IntegrationTest.csproj", "{5468BCD1-DDC0-4400-8D39-D5BDDCFB6BF9}"
EndProject
Global
	GlobalSection(SolutionConfigurationPlatforms) = preSolution
		Debug|Any CPU = Debug|Any CPU
		Release|Any CPU = Release|Any CPU
	EndGlobalSection
	GlobalSection(ProjectConfigurationPlatforms) = postSolution
		{7930D7BA-8FE4-45CC-B353-E5B358F5C8DF}.Debug|Any CPU.ActiveCfg = Debug|Any CPU
		{7930D7BA-8FE4-45CC-B353-E5B358F5C8DF}.Debug|Any CPU.Build.0 = Debug|Any CPU
		{7930D7BA-8FE4-45CC-B353-E5B358F5C8DF}.Release|Any CPU.ActiveCfg = Release|Any CPU
		{7930D7BA-8FE4-45CC-B353-E5B358F5C8DF}.Release|Any CPU.Build.0 = Release|Any CPU
		{5BEAF2E3-CE38-420B-A20C-9FA4BC33A599}.Debug|Any CPU.ActiveCfg = Debug|Any CPU
		{5BEAF2E3-CE38-420B-A20C-9FA4BC33A599}.Debug|Any CPU.Build.0 = Debug|Any CPU
		{5BEAF2E3-CE38-420B-A20C-9FA4BC33A599}.Release|Any CPU.ActiveCfg = Release|Any CPU
		{5BEAF2E3-CE38-420B-A20C-9FA4BC33A599}.Release|Any CPU.Build.0 = Release|Any CPU
		{5468BCD1-DDC0-4400-8D39-D5BDDCFB6BF9}.Debug|Any CPU.ActiveCfg = Debug|Any CPU
		{5468BCD1-DDC0-4400-8D39-D5BDDCFB6BF9}.Debug|Any CPU.Build.0 = Debug|Any CPU
		{5468BCD1-DDC0-4400-8D39-D5BDDCFB6BF9}.Release|Any CPU.ActiveCfg = Release|Any CPU
		{5468BCD1-DDC0-4400-8D39-D5BDDCFB6BF9}.Release|Any CPU.Build.0 = Release|Any CPU
	EndGlobalSection
	GlobalSection(SolutionProperties) = preSolution
		HideSolutionNode = FALSE
	EndGlobalSection
	GlobalSection(ExtensibilityGlobals) = postSolution
		SolutionGuid = {5051185E-D4D6-450E-8F30-418B51E36F31}
	EndGlobalSection
EndGlobal
